
Microsoft Visual Studio Solution File, Format Version 12.00
# Visual Studio 15
VisualStudioVersion = 15.0.26124.0
MinimumVisualStudioVersion = 15.0.26124.0
Project("{F2A71F9B-5D33-465A-A702-920D77279786}") = "GatherData", "GatherData\GatherData.fsproj", "{306D5A40-50D9-4C0C-B653-20DF89F259FC}"
EndProject
Global
	GlobalSection(SolutionConfigurationPlatforms) = preSolution
		Debug|Any CPU = Debug|Any CPU
		Debug|x64 = Debug|x64
		Debug|x86 = Debug|x86
		Release|Any CPU = Release|Any CPU
		Release|x64 = Release|x64
		Release|x86 = Release|x86
	EndGlobalSection
	GlobalSection(SolutionProperties) = preSolution
		HideSolutionNode = FALSE
	EndGlobalSection
	GlobalSection(ProjectConfigurationPlatforms) = postSolution
		{306D5A40-50D9-4C0C-B653-20DF89F259FC}.Debug|Any CPU.ActiveCfg = Debug|Any CPU
		{306D5A40-50D9-4C0C-B653-20DF89F259FC}.Debug|Any CPU.Build.0 = Debug|Any CPU
		{306D5A40-50D9-4C0C-B653-20DF89F259FC}.Debug|x64.ActiveCfg = Debug|Any CPU
		{306D5A40-50D9-4C0C-B653-20DF89F259FC}.Debug|x64.Build.0 = Debug|Any CPU
		{306D5A40-50D9-4C0C-B653-20DF89F259FC}.Debug|x86.ActiveCfg = Debug|Any CPU
		{306D5A40-50D9-4C0C-B653-20DF89F259FC}.Debug|x86.Build.0 = Debug|Any CPU
		{306D5A40-50D9-4C0C-B653-20DF89F259FC}.Release|Any CPU.ActiveCfg = Release|Any CPU
		{306D5A40-50D9-4C0C-B653-20DF89F259FC}.Release|Any CPU.Build.0 = Release|Any CPU
		{306D5A40-50D9-4C0C-B653-20DF89F259FC}.Release|x64.ActiveCfg = Release|Any CPU
		{306D5A40-50D9-4C0C-B653-20DF89F259FC}.Release|x64.Build.0 = Release|Any CPU
		{306D5A40-50D9-4C0C-B653-20DF89F259FC}.Release|x86.ActiveCfg = Release|Any CPU
		{306D5A40-50D9-4C0C-B653-20DF89F259FC}.Release|x86.Build.0 = Release|Any CPU
		{A0F58C6E-453D-4D40-8396-D61E3AC0EB9A}.Debug|Any CPU.ActiveCfg = Debug|Any CPU
		{A0F58C6E-453D-4D40-8396-D61E3AC0EB9A}.Debug|Any CPU.Build.0 = Debug|Any CPU
		{A0F58C6E-453D-4D40-8396-D61E3AC0EB9A}.Debug|x64.ActiveCfg = Debug|Any CPU
		{A0F58C6E-453D-4D40-8396-D61E3AC0EB9A}.Debug|x64.Build.0 = Debug|Any CPU
		{A0F58C6E-453D-4D40-8396-D61E3AC0EB9A}.Debug|x86.ActiveCfg = Debug|Any CPU
		{A0F58C6E-453D-4D40-8396-D61E3AC0EB9A}.Debug|x86.Build.0 = Debug|Any CPU
		{A0F58C6E-453D-4D40-8396-D61E3AC0EB9A}.Release|Any CPU.ActiveCfg = Release|Any CPU
		{A0F58C6E-453D-4D40-8396-D61E3AC0EB9A}.Release|Any CPU.Build.0 = Release|Any CPU
		{A0F58C6E-453D-4D40-8396-D61E3AC0EB9A}.Release|x64.ActiveCfg = Release|Any CPU
		{A0F58C6E-453D-4D40-8396-D61E3AC0EB9A}.Release|x64.Build.0 = Release|Any CPU
		{A0F58C6E-453D-4D40-8396-D61E3AC0EB9A}.Release|x86.ActiveCfg = Release|Any CPU
		{A0F58C6E-453D-4D40-8396-D61E3AC0EB9A}.Release|x86.Build.0 = Release|Any CPU
		{05BA2C66-C2D4-4559-8FD8-6C7C8E519D16}.Debug|Any CPU.ActiveCfg = Debug|Any CPU
		{05BA2C66-C2D4-4559-8FD8-6C7C8E519D16}.Debug|Any CPU.Build.0 = Debug|Any CPU
		{05BA2C66-C2D4-4559-8FD8-6C7C8E519D16}.Debug|x64.ActiveCfg = Debug|Any CPU
		{05BA2C66-C2D4-4559-8FD8-6C7C8E519D16}.Debug|x64.Build.0 = Debug|Any CPU
		{05BA2C66-C2D4-4559-8FD8-6C7C8E519D16}.Debug|x86.ActiveCfg = Debug|Any CPU
		{05BA2C66-C2D4-4559-8FD8-6C7C8E519D16}.Debug|x86.Build.0 = Debug|Any CPU
		{05BA2C66-C2D4-4559-8FD8-6C7C8E519D16}.Release|Any CPU.ActiveCfg = Release|Any CPU
		{05BA2C66-C2D4-4559-8FD8-6C7C8E519D16}.Release|Any CPU.Build.0 = Release|Any CPU
		{05BA2C66-C2D4-4559-8FD8-6C7C8E519D16}.Release|x64.ActiveCfg = Release|Any CPU
		{05BA2C66-C2D4-4559-8FD8-6C7C8E519D16}.Release|x64.Build.0 = Release|Any CPU
		{05BA2C66-C2D4-4559-8FD8-6C7C8E519D16}.Release|x86.ActiveCfg = Release|Any CPU
		{05BA2C66-C2D4-4559-8FD8-6C7C8E519D16}.Release|x86.Build.0 = Release|Any CPU
	EndGlobalSection
EndGlobal
